{
  "lib/chainlink-brownie-contracts": {
    "rev": "67887b84d3add02a25ef4145fc014e2f549509da"
  },
  "lib/forge-std": {
    "tag": {
      "name": "v1.15.0",
      "rev": "0844d7e1fc5e60d77b68e469bff60265f236c398"
    }
  },
  "lib/openzeppelin-contracts": {
    "rev": "a83d9aabbca1ad4be17acba3e1caeca90539d3cc"
  },
  "lib/openzeppelin-contracts-upgradeable": {
    "tag": {
      "name": "v4.5.0",
      "rev": "ac9661a4957daf94f1512d710e7a7c4df2cb7385"
    }
  }
}